// !$*UTF8*$!
{
	archiveVersion = 1;
	classes = {
	};
	objectVersion = 77;
	objects = {

/* Begin PBXBuildFile section */
		0AA2D3DD2E5B036B006530DF /* Preview Assets.xcassets in Resources */ = {isa = PBXBuildFile; fileRef = 0AA2D3B42E5B036B006530DF /* Preview Assets.xcassets */; };
		0AA2D3DE2E5B036B006530DF /* Assets.xcassets in Resources */ = {isa = PBXBuildFile; fileRef = 0AA2D38E2E5B036B006530DF /* Assets.xcassets */; };
		0AA2D3DF2E5B036B006530DF /* iPadSettingsView.swift in Sources */ = {isa = PBXBuildFile; fileRef = 0AA2D3D02E5B036B006530DF /* iPadSettingsView.swift */; };
		0AA2D3E02E5B036B006530DF /* PerformanceMonitor.swift in Sources */ = {isa = PBXBuildFile; fileRef = 0AA2D39C2E5B036B006530DF /* PerformanceMonitor.swift */; };
		0AA2D3E12E5B036B006530DF /* ButtonStyles.swift in Sources */ = {isa = PBXBuildFile; fileRef = 0AA2D3C42E5B036B006530DF /* ButtonStyles.swift */; };
		0AA2D3E22E5B036B006530DF /* PatternRepositoryProtocol.swift in Sources */ = {isa = PBXBuildFile; fileRef = 0AA2D39F2E5B036B006530DF /* PatternRepositoryProtocol.swift */; };
		0AA2D3E32E5B036B006530DF /* LoadingState.swift in Sources */ = {isa = PBXBuildFile; fileRef = 0AA2D3A82E5B036B006530DF /* LoadingState.swift */; };
		0AA2D3E42E5B036B006530DF /* SettingsView.swift in Sources */ = {isa = PBXBuildFile; fileRef = 0AA2D3DA2E5B036B006530DF /* SettingsView.swift */; };
		0AA2D3E52E5B036B006530DF /* FabricRepositoryProtocol.swift in Sources */ = {isa = PBXBuildFile; fileRef = 0AA2D39E2E5B036B006530DF /* FabricRepositoryProtocol.swift */; };
		0AA2D3E62E5B036B006530DF /* SewSmartError.swift in Sources */ = {isa = PBXBuildFile; fileRef = 0AA2D3A92E5B036B006530DF /* SewSmartError.swift */; };
		0AA2D3E72E5B036B006530DF /* NavigationComponents.swift in Sources */ = {isa = PBXBuildFile; fileRef = 0AA2D3C72E5B036B006530DF /* NavigationComponents.swift */; };
		0AA2D3E82E5B036B006530DF /* ImageCache.swift in Sources */ = {isa = PBXBuildFile; fileRef = 0AA2D39A2E5B036B006530DF /* ImageCache.swift */; };
		0AA2D3E92E5B036B006530DF /* EmptyStateConfiguration.swift in Sources */ = {isa = PBXBuildFile; fileRef = 0AA2D3AB2E5B036B006530DF /* EmptyStateConfiguration.swift */; };
		0AA2D3EA2E5B036B006530DF /* FabricViewModel.swift in Sources */ = {isa = PBXBuildFile; fileRef = 0AA2D3BB2E5B036B006530DF /* FabricViewModel.swift */; };
		0AA2D3EB2E5B036B006530DF /* UserFeedbackSystem.swift in Sources */ = {isa = PBXBuildFile; fileRef = 0AA2D3962E5B036B006530DF /* UserFeedbackSystem.swift */; };
		0AA2D3EC2E5B036B006530DF /* UserSettings.swift in Sources */ = {isa = PBXBuildFile; fileRef = 0AA2D3B22E5B036B006530DF /* UserSettings.swift */; };
		0AA2D3ED2E5B036B006530DF /* iPadMeasurementsView.swift in Sources */ = {isa = PBXBuildFile; fileRef = 0AA2D3CD2E5B036B006530DF /* iPadMeasurementsView.swift */; };
		0AA2D3EE2E5B036B006530DF /* FabricStashView.swift in Sources */ = {isa = PBXBuildFile; fileRef = 0AA2D3D42E5B036B006530DF /* FabricStashView.swift */; };
		0AA2D3EF2E5B036B006530DF /* SewSmartApp.swift in Sources */ = {isa = PBXBuildFile; fileRef = 0AA2D3B82E5B036B006530DF /* SewSmartApp.swift */; };
		0AA2D3F02E5B036B006530DF /* Pattern.swift in Sources */ = {isa = PBXBuildFile; fileRef = 0AA2D3AE2E5B036B006530DF /* Pattern.swift */; };
		0AA2D3F12E5B036B006530DF /* PatternDetailView.swift in Sources */ = {isa = PBXBuildFile; fileRef = 0AA2D3D72E5B036B006530DF /* PatternDetailView.swift */; };
		0AA2D3F22E5B036B006530DF /* ProjectPhoto.swift in Sources */ = {isa = PBXBuildFile; fileRef = 0AA2D3B02E5B036B006530DF /* ProjectPhoto.swift */; };
		0AA2D3F32E5B036B006530DF /* Project.swift in Sources */ = {isa = PBXBuildFile; fileRef = 0AA2D3AF2E5B036B006530DF /* Project.swift */; };
		0AA2D3F42E5B036B006530DF /* PatternsView.swift in Sources */ = {isa = PBXBuildFile; fileRef = 0AA2D3D82E5B036B006530DF /* PatternsView.swift */; };
		0AA2D3F52E5B036B006530DF /* ImageProcessor.swift in Sources */ = {isa = PBXBuildFile; fileRef = 0AA2D39B2E5B036B006530DF /* ImageProcessor.swift */; };
		0AA2D3F62E5B036B006530DF /* MeasurementProfile.swift in Sources */ = {isa = PBXBuildFile; fileRef = 0AA2D3AD2E5B036B006530DF /* MeasurementProfile.swift */; };
		0AA2D3F72E5B036B006530DF /* iPadContentView.swift in Sources */ = {isa = PBXBuildFile; fileRef = 0AA2D3CB2E5B036B006530DF /* iPadContentView.swift */; };
		0AA2D3F82E5B036B006530DF /* SettingsViewModel.swift in Sources */ = {isa = PBXBuildFile; fileRef = 0AA2D3C22E5B036B006530DF /* SettingsViewModel.swift */; };
		0AA2D3F92E5B036B006530DF /* FabricStashViewModel.swift in Sources */ = {isa = PBXBuildFile; fileRef = 0AA2D3BA2E5B036B006530DF /* FabricStashViewModel.swift */; };
		0AA2D3FA2E5B036B006530DF /* OptimizedAsyncImage.swift in Sources */ = {isa = PBXBuildFile; fileRef = 0AA2D3C82E5B036B006530DF /* OptimizedAsyncImage.swift */; };
		0AA2D3FB2E5B036B006530DF /* AddPatternView.swift in Sources */ = {isa = PBXBuildFile; fileRef = 0AA2D3D22E5B036B006530DF /* AddPatternView.swift */; };
		0AA2D3FC2E5B036B006530DF /* ShoppingList.swift in Sources */ = {isa = PBXBuildFile; fileRef = 0AA2D3B12E5B036B006530DF /* ShoppingList.swift */; };
		0AA2D3FD2E5B036B006530DF /* InputValidator.swift in Sources */ = {isa = PBXBuildFile; fileRef = 0AA2D3A52E5B036B006530DF /* InputValidator.swift */; };
		0AA2D3FE2E5B036B006530DF /* HistoryView.swift in Sources */ = {isa = PBXBuildFile; fileRef = 0AA2D3D52E5B036B006530DF /* HistoryView.swift */; };
		0AA2D3FF2E5B036B006530DF /* ProjectsViewModel.swift in Sources */ = {isa = PBXBuildFile; fileRef = 0AA2D3C02E5B036B006530DF /* ProjectsViewModel.swift */; };
		0AA2D4002E5B036B006530DF /* ProjectRepositoryProtocol.swift in Sources */ = {isa = PBXBuildFile; fileRef = 0AA2D3A02E5B036B006530DF /* ProjectRepositoryProtocol.swift */; };
		0AA2D4012E5B036B006530DF /* DependencyContainer.swift in Sources */ = {isa = PBXBuildFile; fileRef = 0AA2D3A72E5B036B006530DF /* DependencyContainer.swift */; };
		0AA2D4022E5B036B006530DF /* iPadFabricStashView.swift in Sources */ = {isa = PBXBuildFile; fileRef = 0AA2D3CC2E5B036B006530DF /* iPadFabricStashView.swift */; };
		0AA2D4032E5B036B006530DF /* VibrantPatternRowView.swift in Sources */ = {isa = PBXBuildFile; fileRef = 0AA2D3DB2E5B036B006530DF /* VibrantPatternRowView.swift */; };
		0AA2D4042E5B036B006530DF /* AccessibilityHelper.swift in Sources */ = {isa = PBXBuildFile; fileRef = 0AA2D3942E5B036B006530DF /* AccessibilityHelper.swift */; };
		0AA2D4052E5B036B006530DF /* PatternsViewViewModel.swift in Sources */ = {isa = PBXBuildFile; fileRef = 0AA2D3BF2E5B036B006530DF /* PatternsViewViewModel.swift */; };
		0AA2D4062E5B036B006530DF /* FabricCardView.swift in Sources */ = {isa = PBXBuildFile; fileRef = 0AA2D3C52E5B036B006530DF /* FabricCardView.swift */; };
		0AA2D4072E5B036B006530DF /* PatternRowView.swift in Sources */ = {isa = PBXBuildFile; fileRef = 0AA2D3C92E5B036B006530DF /* PatternRowView.swift */; };
		0AA2D4082E5B036B006530DF /* MeasurementsView.swift in Sources */ = {isa = PBXBuildFile; fileRef = 0AA2D3D62E5B036B006530DF /* MeasurementsView.swift */; };
		0AA2D4092E5B036B006530DF /* HistoryViewModel.swift in Sources */ = {isa = PBXBuildFile; fileRef = 0AA2D3BC2E5B036B006530DF /* HistoryViewModel.swift */; };
		0AA2D40A2E5B036B006530DF /* ContentView.swift in Sources */ = {isa = PBXBuildFile; fileRef = 0AA2D3932E5B036B006530DF /* ContentView.swift */; };
		0AA2D40B2E5B036B006530DF /* ProjectsViewViewModel.swift in Sources */ = {isa = PBXBuildFile; fileRef = 0AA2D3C12E5B036B006530DF /* ProjectsViewViewModel.swift */; };
		0AA2D40C2E5B036B006530DF /* DocumentPicker.swift in Sources */ = {isa = PBXBuildFile; fileRef = 0AA2D38F2E5B036B006530DF /* DocumentPicker.swift */; };
		0AA2D40D2E5B036B006530DF /* UserSettingsManager.swift in Sources */ = {isa = PBXBuildFile; fileRef = 0AA2D3B62E5B036B006530DF /* UserSettingsManager.swift */; };
		0AA2D40E2E5B036B006530DF /* DesignSystem.swift in Sources */ = {isa = PBXBuildFile; fileRef = 0AA2D3D32E5B036B006530DF /* DesignSystem.swift */; };
		0AA2D40F2E5B036B006530DF /* iPadPatternsView.swift in Sources */ = {isa = PBXBuildFile; fileRef = 0AA2D3CE2E5B036B006530DF /* iPadPatternsView.swift */; };
		0AA2D4102E5B036B006530DF /* DataSecurity.swift in Sources */ = {isa = PBXBuildFile; fileRef = 0AA2D3A32E5B036B006530DF /* DataSecurity.swift */; };
		0AA2D4112E5B036B006530DF /* LoadingStateView.swift in Sources */ = {isa = PBXBuildFile; fileRef = 0AA2D3C62E5B036B006530DF /* LoadingStateView.swift */; };
		0AA2D4122E5B036B006530DF /* AddPatternViewModel.swift in Sources */ = {isa = PBXBuildFile; fileRef = 0AA2D3B92E5B036B006530DF /* AddPatternViewModel.swift */; };
		0AA2D4132E5B036B006530DF /* AdaptiveContentView.swift in Sources */ = {isa = PBXBuildFile; fileRef = 0AA2D38D2E5B036B006530DF /* AdaptiveContentView.swift */; };
		0AA2D4142E5B036B006530DF /* iPadProjectsView.swift in Sources */ = {isa = PBXBuildFile; fileRef = 0AA2D3CF2E5B036B006530DF /* iPadProjectsView.swift */; };
		0AA2D4152E5B036B006530DF /* ProjectsView.swift in Sources */ = {isa = PBXBuildFile; fileRef = 0AA2D3D92E5B036B006530DF /* ProjectsView.swift */; };
		0AA2D4162E5B036B006530DF /* MeasurementsViewModel.swift in Sources */ = {isa = PBXBuildFile; fileRef = 0AA2D3BD2E5B036B006530DF /* MeasurementsViewModel.swift */; };
		0AA2D4172E5B036B006530DF /* ImagePicker.swift in Sources */ = {isa = PBXBuildFile; fileRef = 0AA2D3902E5B036B006530DF /* ImagePicker.swift */; };
		0AA2D4182E5B036B006530DF /* Fabric.swift in Sources */ = {isa = PBXBuildFile; fileRef = 0AA2D3AC2E5B036B006530DF /* Fabric.swift */; };
		0AA2D4192E5B036B006530DF /* OfflineManager.swift in Sources */ = {isa = PBXBuildFile; fileRef = 0AA2D3982E5B036B006530DF /* OfflineManager.swift */; };
		0AA2D41A2E5B036B006530DF /* UserSettingsRepositoryProtocol.swift in Sources */ = {isa = PBXBuildFile; fileRef = 0AA2D3A12E5B036B006530DF /* UserSettingsRepositoryProtocol.swift */; };
		0AA2D41B2E5B036B006530DF /* PatternsViewModel.swift in Sources */ = {isa = PBXBuildFile; fileRef = 0AA2D3BE2E5B036B006530DF /* PatternsViewModel.swift */; };
		0AA2D41C2E5B036B006530DF /* PrintAndShareControllers.swift in Sources */ = {isa = PBXBuildFile; fileRef = 0AA2D3912E5B036B006530DF /* PrintAndShareControllers.swift */; };
/* End PBXBuildFile section */

/* Begin PBXContainerItemProxy section */
		0A1576A32E51B16B00C7A01B /* PBXContainerItemProxy */ = {
			isa = PBXContainerItemProxy;
			containerPortal = 0A15768B2E51B16A00C7A01B /* Project object */;
			proxyType = 1;
			remoteGlobalIDString = 0A1576922E51B16A00C7A01B;
			remoteInfo = SewSmart;
		};
		0A1576AD2E51B16B00C7A01B /* PBXContainerItemProxy */ = {
			isa = PBXContainerItemProxy;
			containerPortal = 0A15768B2E51B16A00C7A01B /* Project object */;
			proxyType = 1;
			remoteGlobalIDString = 0A1576922E51B16A00C7A01B;
			remoteInfo = SewSmart;
		};
/* End PBXContainerItemProxy section */

/* Begin PBXFileReference section */
		0A1576932E51B16A00C7A01B /* SewSmart.app */ = {isa = PBXFileReference; explicitFileType = wrapper.application; includeInIndex = 0; path = SewSmart.app; sourceTree = BUILT_PRODUCTS_DIR; };
		0A1576A22E51B16B00C7A01B /* SewSmartTests.xctest */ = {isa = PBXFileReference; explicitFileType = wrapper.cfbundle; includeInIndex = 0; path = SewSmartTests.xctest; sourceTree = BUILT_PRODUCTS_DIR; };
		0A1576AC2E51B16B00C7A01B /* SewSmartUITests.xctest */ = {isa = PBXFileReference; explicitFileType = wrapper.cfbundle; includeInIndex = 0; path = SewSmartUITests.xctest; sourceTree = BUILT_PRODUCTS_DIR; };
		0AA2D38D2E5B036B006530DF /* AdaptiveContentView.swift */ = {isa = PBXFileReference; lastKnownFileType = sourcecode.swift; path = AdaptiveContentView.swift; sourceTree = "<group>"; };
		0AA2D38E2E5B036B006530DF /* Assets.xcassets */ = {isa = PBXFileReference; lastKnownFileType = folder.assetcatalog; path = Assets.xcassets; sourceTree = "<group>"; };
		0AA2D38F2E5B036B006530DF /* DocumentPicker.swift */ = {isa = PBXFileReference; lastKnownFileType = sourcecode.swift; path = DocumentPicker.swift; sourceTree = "<group>"; };
		0AA2D3902E5B036B006530DF /* ImagePicker.swift */ = {isa = PBXFileReference; lastKnownFileType = sourcecode.swift; path = ImagePicker.swift; sourceTree = "<group>"; };
		0AA2D3912E5B036B006530DF /* PrintAndShareControllers.swift */ = {isa = PBXFileReference; lastKnownFileType = sourcecode.swift; path = PrintAndShareControllers.swift; sourceTree = "<group>"; };
		0AA2D3932E5B036B006530DF /* ContentView.swift */ = {isa = PBXFileReference; lastKnownFileType = sourcecode.swift; path = ContentView.swift; sourceTree = "<group>"; };
		0AA2D3942E5B036B006530DF /* AccessibilityHelper.swift */ = {isa = PBXFileReference; lastKnownFileType = sourcecode.swift; path = AccessibilityHelper.swift; sourceTree = "<group>"; };
		0AA2D3962E5B036B006530DF /* UserFeedbackSystem.swift */ = {isa = PBXFileReference; lastKnownFileType = sourcecode.swift; path = UserFeedbackSystem.swift; sourceTree = "<group>"; };
		0AA2D3982E5B036B006530DF /* OfflineManager.swift */ = {isa = PBXFileReference; lastKnownFileType = sourcecode.swift; path = OfflineManager.swift; sourceTree = "<group>"; };
		0AA2D39A2E5B036B006530DF /* ImageCache.swift */ = {isa = PBXFileReference; lastKnownFileType = sourcecode.swift; path = ImageCache.swift; sourceTree = "<group>"; };
		0AA2D39B2E5B036B006530DF /* ImageProcessor.swift */ = {isa = PBXFileReference; lastKnownFileType = sourcecode.swift; path = ImageProcessor.swift; sourceTree = "<group>"; };
		0AA2D39C2E5B036B006530DF /* PerformanceMonitor.swift */ = {isa = PBXFileReference; lastKnownFileType = sourcecode.swift; path = PerformanceMonitor.swift; sourceTree = "<group>"; };
		0AA2D39E2E5B036B006530DF /* FabricRepositoryProtocol.swift */ = {isa = PBXFileReference; lastKnownFileType = sourcecode.swift; path = FabricRepositoryProtocol.swift; sourceTree = "<group>"; };
		0AA2D39F2E5B036B006530DF /* PatternRepositoryProtocol.swift */ = {isa = PBXFileReference; lastKnownFileType = sourcecode.swift; path = PatternRepositoryProtocol.swift; sourceTree = "<group>"; };
		0AA2D3A02E5B036B006530DF /* ProjectRepositoryProtocol.swift */ = {isa = PBXFileReference; lastKnownFileType = sourcecode.swift; path = ProjectRepositoryProtocol.swift; sourceTree = "<group>"; };
		0AA2D3A12E5B036B006530DF /* UserSettingsRepositoryProtocol.swift */ = {isa = PBXFileReference; lastKnownFileType = sourcecode.swift; path = UserSettingsRepositoryProtocol.swift; sourceTree = "<group>"; };
		0AA2D3A32E5B036B006530DF /* DataSecurity.swift */ = {isa = PBXFileReference; lastKnownFileType = sourcecode.swift; path = DataSecurity.swift; sourceTree = "<group>"; };
		0AA2D3A52E5B036B006530DF /* InputValidator.swift */ = {isa = PBXFileReference; lastKnownFileType = sourcecode.swift; path = InputValidator.swift; sourceTree = "<group>"; };
		0AA2D3A72E5B036B006530DF /* DependencyContainer.swift */ = {isa = PBXFileReference; lastKnownFileType = sourcecode.swift; path = DependencyContainer.swift; sourceTree = "<group>"; };
		0AA2D3A82E5B036B006530DF /* LoadingState.swift */ = {isa = PBXFileReference; lastKnownFileType = sourcecode.swift; path = LoadingState.swift; sourceTree = "<group>"; };
		0AA2D3A92E5B036B006530DF /* SewSmartError.swift */ = {isa = PBXFileReference; lastKnownFileType = sourcecode.swift; path = SewSmartError.swift; sourceTree = "<group>"; };
		0AA2D3AB2E5B036B006530DF /* EmptyStateConfiguration.swift */ = {isa = PBXFileReference; lastKnownFileType = sourcecode.swift; path = EmptyStateConfiguration.swift; sourceTree = "<group>"; };
		0AA2D3AC2E5B036B006530DF /* Fabric.swift */ = {isa = PBXFileReference; lastKnownFileType = sourcecode.swift; path = Fabric.swift; sourceTree = "<group>"; };
		0AA2D3AD2E5B036B006530DF /* MeasurementProfile.swift */ = {isa = PBXFileReference; lastKnownFileType = sourcecode.swift; path = MeasurementProfile.swift; sourceTree = "<group>"; };
		0AA2D3AE2E5B036B006530DF /* Pattern.swift */ = {isa = PBXFileReference; lastKnownFileType = sourcecode.swift; path = Pattern.swift; sourceTree = "<group>"; };
		0AA2D3AF2E5B036B006530DF /* Project.swift */ = {isa = PBXFileReference; lastKnownFileType = sourcecode.swift; path = Project.swift; sourceTree = "<group>"; };
		0AA2D3B02E5B036B006530DF /* ProjectPhoto.swift */ = {isa = PBXFileReference; lastKnownFileType = sourcecode.swift; path = ProjectPhoto.swift; sourceTree = "<group>"; };
		0AA2D3B12E5B036B006530DF /* ShoppingList.swift */ = {isa = PBXFileReference; lastKnownFileType = sourcecode.swift; path = ShoppingList.swift; sourceTree = "<group>"; };
		0AA2D3B22E5B036B006530DF /* UserSettings.swift */ = {isa = PBXFileReference; lastKnownFileType = sourcecode.swift; path = UserSettings.swift; sourceTree = "<group>"; };
		0AA2D3B42E5B036B006530DF /* Preview Assets.xcassets */ = {isa = PBXFileReference; lastKnownFileType = folder.assetcatalog; path = "Preview Assets.xcassets"; sourceTree = "<group>"; };
		0AA2D3B62E5B036B006530DF /* UserSettingsManager.swift */ = {isa = PBXFileReference; lastKnownFileType = sourcecode.swift; path = UserSettingsManager.swift; sourceTree = "<group>"; };
		0AA2D3B82E5B036B006530DF /* SewSmartApp.swift */ = {isa = PBXFileReference; lastKnownFileType = sourcecode.swift; path = SewSmartApp.swift; sourceTree = "<group>"; };
		0AA2D3B92E5B036B006530DF /* AddPatternViewModel.swift */ = {isa = PBXFileReference; lastKnownFileType = sourcecode.swift; path = AddPatternViewModel.swift; sourceTree = "<group>"; };
		0AA2D3BA2E5B036B006530DF /* FabricStashViewModel.swift */ = {isa = PBXFileReference; lastKnownFileType = sourcecode.swift; path = FabricStashViewModel.swift; sourceTree = "<group>"; };
		0AA2D3BB2E5B036B006530DF /* FabricViewModel.swift */ = {isa = PBXFileReference; lastKnownFileType = sourcecode.swift; path = FabricViewModel.swift; sourceTree = "<group>"; };
		0AA2D3BC2E5B036B006530DF /* HistoryViewModel.swift */ = {isa = PBXFileReference; lastKnownFileType = sourcecode.swift; path = HistoryViewModel.swift; sourceTree = "<group>"; };
		0AA2D3BD2E5B036B006530DF /* MeasurementsViewModel.swift */ = {isa = PBXFileReference; lastKnownFileType = sourcecode.swift; path = MeasurementsViewModel.swift; sourceTree = "<group>"; };
		0AA2D3BE2E5B036B006530DF /* PatternsViewModel.swift */ = {isa = PBXFileReference; lastKnownFileType = sourcecode.swift; path = PatternsViewModel.swift; sourceTree = "<group>"; };
		0AA2D3BF2E5B036B006530DF /* PatternsViewViewModel.swift */ = {isa = PBXFileReference; lastKnownFileType = sourcecode.swift; path = PatternsViewViewModel.swift; sourceTree = "<group>"; };
		0AA2D3C02E5B036B006530DF /* ProjectsViewModel.swift */ = {isa = PBXFileReference; lastKnownFileType = sourcecode.swift; path = ProjectsViewModel.swift; sourceTree = "<group>"; };
		0AA2D3C12E5B036B006530DF /* ProjectsViewViewModel.swift */ = {isa = PBXFileReference; lastKnownFileType = sourcecode.swift; path = ProjectsViewViewModel.swift; sourceTree = "<group>"; };
		0AA2D3C22E5B036B006530DF /* SettingsViewModel.swift */ = {isa = PBXFileReference; lastKnownFileType = sourcecode.swift; path = SettingsViewModel.swift; sourceTree = "<group>"; };
		0AA2D3C42E5B036B006530DF /* ButtonStyles.swift */ = {isa = PBXFileReference; lastKnownFileType = sourcecode.swift; path = ButtonStyles.swift; sourceTree = "<group>"; };
		0AA2D3C52E5B036B006530DF /* FabricCardView.swift */ = {isa = PBXFileReference; lastKnownFileType = sourcecode.swift; path = FabricCardView.swift; sourceTree = "<group>"; };
		0AA2D3C62E5B036B006530DF /* LoadingStateView.swift */ = {isa = PBXFileReference; lastKnownFileType = sourcecode.swift; path = LoadingStateView.swift; sourceTree = "<group>"; };
		0AA2D3C72E5B036B006530DF /* NavigationComponents.swift */ = {isa = PBXFileReference; lastKnownFileType = sourcecode.swift; path = NavigationComponents.swift; sourceTree = "<group>"; };
		0AA2D3C82E5B036B006530DF /* OptimizedAsyncImage.swift */ = {isa = PBXFileReference; lastKnownFileType = sourcecode.swift; path = OptimizedAsyncImage.swift; sourceTree = "<group>"; };
		0AA2D3C92E5B036B006530DF /* PatternRowView.swift */ = {isa = PBXFileReference; lastKnownFileType = sourcecode.swift; path = PatternRowView.swift; sourceTree = "<group>"; };
		0AA2D3CB2E5B036B006530DF /* iPadContentView.swift */ = {isa = PBXFileReference; lastKnownFileType = sourcecode.swift; path = iPadContentView.swift; sourceTree = "<group>"; };
		0AA2D3CC2E5B036B006530DF /* iPadFabricStashView.swift */ = {isa = PBXFileReference; lastKnownFileType = sourcecode.swift; path = iPadFabricStashView.swift; sourceTree = "<group>"; };
		0AA2D3CD2E5B036B006530DF /* iPadMeasurementsView.swift */ = {isa = PBXFileReference; lastKnownFileType = sourcecode.swift; path = iPadMeasurementsView.swift; sourceTree = "<group>"; };
		0AA2D3CE2E5B036B006530DF /* iPadPatternsView.swift */ = {isa = PBXFileReference; lastKnownFileType = sourcecode.swift; path = iPadPatternsView.swift; sourceTree = "<group>"; };
		0AA2D3CF2E5B036B006530DF /* iPadProjectsView.swift */ = {isa = PBXFileReference; lastKnownFileType = sourcecode.swift; path = iPadProjectsView.swift; sourceTree = "<group>"; };
		0AA2D3D02E5B036B006530DF /* iPadSettingsView.swift */ = {isa = PBXFileReference; lastKnownFileType = sourcecode.swift; path = iPadSettingsView.swift; sourceTree = "<group>"; };
		0AA2D3D22E5B036B006530DF /* AddPatternView.swift */ = {isa = PBXFileReference; lastKnownFileType = sourcecode.swift; path = AddPatternView.swift; sourceTree = "<group>"; };
		0AA2D3D32E5B036B006530DF /* DesignSystem.swift */ = {isa = PBXFileReference; lastKnownFileType = sourcecode.swift; path = DesignSystem.swift; sourceTree = "<group>"; };
		0AA2D3D42E5B036B006530DF /* FabricStashView.swift */ = {isa = PBXFileReference; lastKnownFileType = sourcecode.swift; path = FabricStashView.swift; sourceTree = "<group>"; };
		0AA2D3D52E5B036B006530DF /* HistoryView.swift */ = {isa = PBXFileReference; lastKnownFileType = sourcecode.swift; path = HistoryView.swift; sourceTree = "<group>"; };
		0AA2D3D62E5B036B006530DF /* MeasurementsView.swift */ = {isa = PBXFileReference; lastKnownFileType = sourcecode.swift; path = MeasurementsView.swift; sourceTree = "<group>"; };
		0AA2D3D72E5B036B006530DF /* PatternDetailView.swift */ = {isa = PBXFileReference; lastKnownFileType = sourcecode.swift; path = PatternDetailView.swift; sourceTree = "<group>"; };
		0AA2D3D82E5B036B006530DF /* PatternsView.swift */ = {isa = PBXFileReference; lastKnownFileType = sourcecode.swift; path = PatternsView.swift; sourceTree = "<group>"; };
		0AA2D3D92E5B036B006530DF /* ProjectsView.swift */ = {isa = PBXFileReference; lastKnownFileType = sourcecode.swift; path = ProjectsView.swift; sourceTree = "<group>"; };
		0AA2D3DA2E5B036B006530DF /* SettingsView.swift */ = {isa = PBXFileReference; lastKnownFileType = sourcecode.swift; path = SettingsView.swift; sourceTree = "<group>"; };
		0AA2D3DB2E5B036B006530DF /* VibrantPatternRowView.swift */ = {isa = PBXFileReference; lastKnownFileType = sourcecode.swift; path = VibrantPatternRowView.swift; sourceTree = "<group>"; };
/* End PBXFileReference section */

/* Begin PBXFileSystemSynchronizedRootGroup section */
		0A1576A52E51B16B00C7A01B /* SewSmartTests */ = {
			isa = PBXFileSystemSynchronizedRootGroup;
			path = SewSmartTests;
			sourceTree = "<group>";
		};
		0A1576AF2E51B16B00C7A01B /* SewSmartUITests */ = {
			isa = PBXFileSystemSynchronizedRootGroup;
			path = SewSmartUITests;
			sourceTree = "<group>";
		};
/* End PBXFileSystemSynchronizedRootGroup section */

/* Begin PBXFrameworksBuildPhase section */
		0A1576902E51B16A00C7A01B /* Frameworks */ = {
			isa = PBXFrameworksBuildPhase;
			buildActionMask = 2147483647;
			files = (
			);
			runOnlyForDeploymentPostprocessing = 0;
		};
		0A15769F2E51B16B00C7A01B /* Frameworks */ = {
			isa = PBXFrameworksBuildPhase;
			buildActionMask = 2147483647;
			files = (
			);
			runOnlyForDeploymentPostprocessing = 0;
		};
		0A1576A92E51B16B00C7A01B /* Frameworks */ = {
			isa = PBXFrameworksBuildPhase;
			buildActionMask = 2147483647;
			files = (
			);
			runOnlyForDeploymentPostprocessing = 0;
		};
/* End PBXFrameworksBuildPhase section */

/* Begin PBXGroup section */
		0A15768A2E51B16A00C7A01B = {
			isa = PBXGroup;
			children = (
				0AA2D38D2E5B036B006530DF /* AdaptiveContentView.swift */,
				0AA2D38E2E5B036B006530DF /* Assets.xcassets */,
				0AA2D3922E5B036B006530DF /* Components */,
				0AA2D3932E5B036B006530DF /* ContentView.swift */,
				0AA2D3AA2E5B036B006530DF /* Core */,
				0AA2D3B32E5B036B006530DF /* Models */,
				0AA2D3B52E5B036B006530DF /* Preview Content */,
				0AA2D3B72E5B036B006530DF /* Services */,
				0AA2D3B82E5B036B006530DF /* SewSmartApp.swift */,
				0AA2D3C32E5B036B006530DF /* ViewModels */,
				0AA2D3DC2E5B036B006530DF /* Views */,
				0A1576A52E51B16B00C7A01B /* SewSmartTests */,
				0A1576AF2E51B16B00C7A01B /* SewSmartUITests */,
				0A1576942E51B16A00C7A01B /* Products */,
			);
			sourceTree = "<group>";
		};
		0A1576942E51B16A00C7A01B /* Products */ = {
			isa = PBXGroup;
			children = (
				0A1576932E51B16A00C7A01B /* SewSmart.app */,
				0A1576A22E51B16B00C7A01B /* SewSmartTests.xctest */,
				0A1576AC2E51B16B00C7A01B /* SewSmartUITests.xctest */,
			);
			name = Products;
			sourceTree = "<group>";
		};
		0AA2D3922E5B036B006530DF /* Components */ = {
			isa = PBXGroup;
			children = (
				0AA2D38F2E5B036B006530DF /* DocumentPicker.swift */,
				0AA2D3902E5B036B006530DF /* ImagePicker.swift */,
				0AA2D3912E5B036B006530DF /* PrintAndShareControllers.swift */,
			);
			path = Components;
			sourceTree = "<group>";
		};
		0AA2D3952E5B036B006530DF /* Accessibility */ = {
			isa = PBXGroup;
			children = (
				0AA2D3942E5B036B006530DF /* AccessibilityHelper.swift */,
			);
			path = Accessibility;
			sourceTree = "<group>";
		};
		0AA2D3972E5B036B006530DF /* Feedback */ = {
			isa = PBXGroup;
			children = (
				0AA2D3962E5B036B006530DF /* UserFeedbackSystem.swift */,
			);
			path = Feedback;
			sourceTree = "<group>";
		};
		0AA2D3992E5B036B006530DF /* Offline */ = {
			isa = PBXGroup;
			children = (
				0AA2D3982E5B036B006530DF /* OfflineManager.swift */,
			);
			path = Offline;
			sourceTree = "<group>";
		};
		0AA2D39D2E5B036B006530DF /* Performance */ = {
			isa = PBXGroup;
			children = (
				0AA2D39A2E5B036B006530DF /* ImageCache.swift */,
				0AA2D39B2E5B036B006530DF /* ImageProcessor.swift */,
				0AA2D39C2E5B036B006530DF /* PerformanceMonitor.swift */,
			);
			path = Performance;
			sourceTree = "<group>";
		};
		0AA2D3A22E5B036B006530DF /* Repositories */ = {
			isa = PBXGroup;
			children = (
				0AA2D39E2E5B036B006530DF /* FabricRepositoryProtocol.swift */,
				0AA2D39F2E5B036B006530DF /* PatternRepositoryProtocol.swift */,
				0AA2D3A02E5B036B006530DF /* ProjectRepositoryProtocol.swift */,
				0AA2D3A12E5B036B006530DF /* UserSettingsRepositoryProtocol.swift */,
			);
			path = Repositories;
			sourceTree = "<group>";
		};
		0AA2D3A42E5B036B006530DF /* Security */ = {
			isa = PBXGroup;
			children = (
				0AA2D3A32E5B036B006530DF /* DataSecurity.swift */,
			);
			path = Security;
			sourceTree = "<group>";
		};
		0AA2D3A62E5B036B006530DF /* Validation */ = {
			isa = PBXGroup;
			children = (
				0AA2D3A52E5B036B006530DF /* InputValidator.swift */,
			);
			path = Validation;
			sourceTree = "<group>";
		};
		0AA2D3AA2E5B036B006530DF /* Core */ = {
			isa = PBXGroup;
			children = (
				0AA2D3952E5B036B006530DF /* Accessibility */,
				0AA2D3972E5B036B006530DF /* Feedback */,
				0AA2D3992E5B036B006530DF /* Offline */,
				0AA2D39D2E5B036B006530DF /* Performance */,
				0AA2D3A22E5B036B006530DF /* Repositories */,
				0AA2D3A42E5B036B006530DF /* Security */,
				0AA2D3A62E5B036B006530DF /* Validation */,
				0AA2D3A72E5B036B006530DF /* DependencyContainer.swift */,
				0AA2D3A82E5B036B006530DF /* LoadingState.swift */,
				0AA2D3A92E5B036B006530DF /* SewSmartError.swift */,
			);
			path = Core;
			sourceTree = "<group>";
		};
		0AA2D3B32E5B036B006530DF /* Models */ = {
			isa = PBXGroup;
			children = (
				0AA2D3AB2E5B036B006530DF /* EmptyStateConfiguration.swift */,
				0AA2D3AC2E5B036B006530DF /* Fabric.swift */,
				0AA2D3AD2E5B036B006530DF /* MeasurementProfile.swift */,
				0AA2D3AE2E5B036B006530DF /* Pattern.swift */,
				0AA2D3AF2E5B036B006530DF /* Project.swift */,
				0AA2D3B02E5B036B006530DF /* ProjectPhoto.swift */,
				0AA2D3B12E5B036B006530DF /* ShoppingList.swift */,
				0AA2D3B22E5B036B006530DF /* UserSettings.swift */,
			);
			path = Models;
			sourceTree = "<group>";
		};
		0AA2D3B52E5B036B006530DF /* Preview Content */ = {
			isa = PBXGroup;
			children = (
				0AA2D3B42E5B036B006530DF /* Preview Assets.xcassets */,
			);
			path = "Preview Content";
			sourceTree = "<group>";
		};
		0AA2D3B72E5B036B006530DF /* Services */ = {
			isa = PBXGroup;
			children = (
				0AA2D3B62E5B036B006530DF /* UserSettingsManager.swift */,
			);
			path = Services;
			sourceTree = "<group>";
		};
		0AA2D3C32E5B036B006530DF /* ViewModels */ = {
			isa = PBXGroup;
			children = (
				0AA2D3B92E5B036B006530DF /* AddPatternViewModel.swift */,
				0AA2D3BA2E5B036B006530DF /* FabricStashViewModel.swift */,
				0AA2D3BB2E5B036B006530DF /* FabricViewModel.swift */,
				0AA2D3BC2E5B036B006530DF /* HistoryViewModel.swift */,
				0AA2D3BD2E5B036B006530DF /* MeasurementsViewModel.swift */,
				0AA2D3BE2E5B036B006530DF /* PatternsViewModel.swift */,
				0AA2D3BF2E5B036B006530DF /* PatternsViewViewModel.swift */,
				0AA2D3C02E5B036B006530DF /* ProjectsViewModel.swift */,
				0AA2D3C12E5B036B006530DF /* ProjectsViewViewModel.swift */,
				0AA2D3C22E5B036B006530DF /* SettingsViewModel.swift */,
			);
			path = ViewModels;
			sourceTree = "<group>";
		};
		0AA2D3CA2E5B036B006530DF /* Components */ = {
			isa = PBXGroup;
			children = (
				0AA2D3C42E5B036B006530DF /* ButtonStyles.swift */,
				0AA2D3C52E5B036B006530DF /* FabricCardView.swift */,
				0AA2D3C62E5B036B006530DF /* LoadingStateView.swift */,
				0AA2D3C72E5B036B006530DF /* NavigationComponents.swift */,
				0AA2D3C82E5B036B006530DF /* OptimizedAsyncImage.swift */,
				0AA2D3C92E5B036B006530DF /* PatternRowView.swift */,
			);
			path = Components;
			sourceTree = "<group>";
		};
		0AA2D3D12E5B036B006530DF /* iPad */ = {
			isa = PBXGroup;
			children = (
				0AA2D3CB2E5B036B006530DF /* iPadContentView.swift */,
				0AA2D3CC2E5B036B006530DF /* iPadFabricStashView.swift */,
				0AA2D3CD2E5B036B006530DF /* iPadMeasurementsView.swift */,
				0AA2D3CE2E5B036B006530DF /* iPadPatternsView.swift */,
				0AA2D3CF2E5B036B006530DF /* iPadProjectsView.swift */,
				0AA2D3D02E5B036B006530DF /* iPadSettingsView.swift */,
			);
			path = iPad;
			sourceTree = "<group>";
		};
		0AA2D3DC2E5B036B006530DF /* Views */ = {
			isa = PBXGroup;
			children = (
				0AA2D3CA2E5B036B006530DF /* Components */,
				0AA2D3D12E5B036B006530DF /* iPad */,
				0AA2D3D22E5B036B006530DF /* AddPatternView.swift */,
				0AA2D3D32E5B036B006530DF /* DesignSystem.swift */,
				0AA2D3D42E5B036B006530DF /* FabricStashView.swift */,
				0AA2D3D52E5B036B006530DF /* HistoryView.swift */,
				0AA2D3D62E5B036B006530DF /* MeasurementsView.swift */,
				0AA2D3D72E5B036B006530DF /* PatternDetailView.swift */,
				0AA2D3D82E5B036B006530DF /* PatternsView.swift */,
				0AA2D3D92E5B036B006530DF /* ProjectsView.swift */,
				0AA2D3DA2E5B036B006530DF /* SettingsView.swift */,
				0AA2D3DB2E5B036B006530DF /* VibrantPatternRowView.swift */,
			);
			path = Views;
			sourceTree = "<group>";
		};
/* End PBXGroup section */

/* Begin PBXNativeTarget section */
		0A1576922E51B16A00C7A01B /* SewSmart */ = {
			isa = PBXNativeTarget;
			buildConfigurationList = 0A1576B62E51B16B00C7A01B /* Build configuration list for PBXNativeTarget "SewSmart" */;
			buildPhases = (
				0A15768F2E51B16A00C7A01B /* Sources */,
				0A1576902E51B16A00C7A01B /* Frameworks */,
				0A1576912E51B16A00C7A01B /* Resources */,
			);
			buildRules = (
			);
			dependencies = (
			);
			name = SewSmart;
			packageProductDependencies = (
			);
			productName = SewSmart;
			productReference = 0A1576932E51B16A00C7A01B /* SewSmart.app */;
			productType = "com.apple.product-type.application";
		};
		0A1576A12E51B16B00C7A01B /* SewSmartTests */ = {
			isa = PBXNativeTarget;
			buildConfigurationList = 0A1576B92E51B16B00C7A01B /* Build configuration list for PBXNativeTarget "SewSmartTests" */;
			buildPhases = (
				0A15769E2E51B16B00C7A01B /* Sources */,
				0A15769F2E51B16B00C7A01B /* Frameworks */,
				0A1576A02E51B16B00C7A01B /* Resources */,
			);
			buildRules = (
			);
			dependencies = (
				0A1576A42E51B16B00C7A01B /* PBXTargetDependency */,
			);
			fileSystemSynchronizedGroups = (
				0A1576A52E51B16B00C7A01B /* SewSmartTests */,
			);
			name = SewSmartTests;
			packageProductDependencies = (
			);
			productName = SewSmartTests;
			productReference = 0A1576A22E51B16B00C7A01B /* SewSmartTests.xctest */;
			productType = "com.apple.product-type.bundle.unit-test";
		};
		0A1576AB2E51B16B00C7A01B /* SewSmartUITests */ = {
			isa = PBXNativeTarget;
			buildConfigurationList = 0A1576BC2E51B16B00C7A01B /* Build configuration list for PBXNativeTarget "SewSmartUITests" */;
			buildPhases = (
				0A1576A82E51B16B00C7A01B /* Sources */,
				0A1576A92E51B16B00C7A01B /* Frameworks */,
				0A1576AA2E51B16B00C7A01B /* Resources */,
			);
			buildRules = (
			);
			dependencies = (
				0A1576AE2E51B16B00C7A01B /* PBXTargetDependency */,
			);
			fileSystemSynchronizedGroups = (
				0A1576AF2E51B16B00C7A01B /* SewSmartUITests */,
			);
			name = SewSmartUITests;
			packageProductDependencies = (
			);
			productName = SewSmartUITests;
			productReference = 0A1576AC2E51B16B00C7A01B /* SewSmartUITests.xctest */;
			productType = "com.apple.product-type.bundle.ui-testing";
		};
/* End PBXNativeTarget section */

/* Begin PBXProject section */
		0A15768B2E51B16A00C7A01B /* Project object */ = {
			isa = PBXProject;
			attributes = {
				BuildIndependentTargetsInParallel = 1;
				LastSwiftUpdateCheck = 1640;
				LastUpgradeCheck = 1640;
				TargetAttributes = {
					0A1576922E51B16A00C7A01B = {
						CreatedOnToolsVersion = 16.4;
						LastSwiftMigration = 1640;
					};
					0A1576A12E51B16B00C7A01B = {
						CreatedOnToolsVersion = 16.4;
						TestTargetID = 0A1576922E51B16A00C7A01B;
					};
					0A1576AB2E51B16B00C7A01B = {
						CreatedOnToolsVersion = 16.4;
						TestTargetID = 0A1576922E51B16A00C7A01B;
					};
				};
			};
			buildConfigurationList = 0A15768E2E51B16A00C7A01B /* Build configuration list for PBXProject "SewSmart" */;
			developmentRegion = en;
			hasScannedForEncodings = 0;
			knownRegions = (
				en,
				Base,
			);
			mainGroup = 0A15768A2E51B16A00C7A01B;
			minimizedProjectReferenceProxies = 1;
			preferredProjectObjectVersion = 77;
			productRefGroup = 0A1576942E51B16A00C7A01B /* Products */;
			projectDirPath = "";
			projectRoot = "";
			targets = (
				0A1576922E51B16A00C7A01B /* SewSmart */,
				0A1576A12E51B16B00C7A01B /* SewSmartTests */,
				0A1576AB2E51B16B00C7A01B /* SewSmartUITests */,
			);
		};
/* End PBXProject section */

/* Begin PBXResourcesBuildPhase section */
		0A1576912E51B16A00C7A01B /* Resources */ = {
			isa = PBXResourcesBuildPhase;
			buildActionMask = 2147483647;
			files = (
				0AA2D3DD2E5B036B006530DF /* Preview Assets.xcassets in Resources */,
				0AA2D3DE2E5B036B006530DF /* Assets.xcassets in Resources */,
			);
			runOnlyForDeploymentPostprocessing = 0;
		};
		0A1576A02E51B16B00C7A01B /* Resources */ = {
			isa = PBXResourcesBuildPhase;
			buildActionMask = 2147483647;
			files = (
			);
			runOnlyForDeploymentPostprocessing = 0;
		};
		0A1576AA2E51B16B00C7A01B /* Resources */ = {
			isa = PBXResourcesBuildPhase;
			buildActionMask = 2147483647;
			files = (
			);
			runOnlyForDeploymentPostprocessing = 0;
		};
/* End PBXResourcesBuildPhase section */

/* Begin PBXSourcesBuildPhase section */
		0A15768F2E51B16A00C7A01B /* Sources */ = {
			isa = PBXSourcesBuildPhase;
			buildActionMask = 2147483647;
			files = (
				0AA2D3DF2E5B036B006530DF /* iPadSettingsView.swift in Sources */,
				0AA2D3E02E5B036B006530DF /* PerformanceMonitor.swift in Sources */,
				0AA2D3E12E5B036B006530DF /* ButtonStyles.swift in Sources */,
				0AA2D3E22E5B036B006530DF /* PatternRepositoryProtocol.swift in Sources */,
				0AA2D3E32E5B036B006530DF /* LoadingState.swift in Sources */,
				0AA2D3E42E5B036B006530DF /* SettingsView.swift in Sources */,
				0AA2D3E52E5B036B006530DF /* FabricRepositoryProtocol.swift in Sources */,
				0AA2D3E62E5B036B006530DF /* SewSmartError.swift in Sources */,
				0AA2D3E72E5B036B006530DF /* NavigationComponents.swift in Sources */,
				0AA2D3E82E5B036B006530DF /* ImageCache.swift in Sources */,
				0AA2D3E92E5B036B006530DF /* EmptyStateConfiguration.swift in Sources */,
				0AA2D3EA2E5B036B006530DF /* FabricViewModel.swift in Sources */,
				0AA2D3EB2E5B036B006530DF /* UserFeedbackSystem.swift in Sources */,
				0AA2D3EC2E5B036B006530DF /* UserSettings.swift in Sources */,
				0AA2D3ED2E5B036B006530DF /* iPadMeasurementsView.swift in Sources */,
				0AA2D3EE2E5B036B006530DF /* FabricStashView.swift in Sources */,
				0AA2D3EF2E5B036B006530DF /* SewSmartApp.swift in Sources */,
				0AA2D3F02E5B036B006530DF /* Pattern.swift in Sources */,
				0AA2D3F12E5B036B006530DF /* PatternDetailView.swift in Sources */,
				0AA2D3F22E5B036B006530DF /* ProjectPhoto.swift in Sources */,
				0AA2D3F32E5B036B006530DF /* Project.swift in Sources */,
				0AA2D3F42E5B036B006530DF /* PatternsView.swift in Sources */,
				0AA2D3F52E5B036B006530DF /* ImageProcessor.swift in Sources */,
				0AA2D3F62E5B036B006530DF /* MeasurementProfile.swift in Sources */,
				0AA2D3F72E5B036B006530DF /* iPadContentView.swift in Sources */,
				0AA2D3F82E5B036B006530DF /* SettingsViewModel.swift in Sources */,
				0AA2D3F92E5B036B006530DF /* FabricStashViewModel.swift in Sources */,
				0AA2D3FA2E5B036B006530DF /* OptimizedAsyncImage.swift in Sources */,
				0AA2D3FB2E5B036B006530DF /* AddPatternView.swift in Sources */,
				0AA2D3FC2E5B036B006530DF /* ShoppingList.swift in Sources */,
				0AA2D3FD2E5B036B006530DF /* InputValidator.swift in Sources */,
				0AA2D3FE2E5B036B006530DF /* HistoryView.swift in Sources */,
				0AA2D3FF2E5B036B006530DF /* ProjectsViewModel.swift in Sources */,
				0AA2D4002E5B036B006530DF /* ProjectRepositoryProtocol.swift in Sources */,
				0AA2D4012E5B036B006530DF /* DependencyContainer.swift in Sources */,
				0AA2D4022E5B036B006530DF /* iPadFabricStashView.swift in Sources */,
				0AA2D4032E5B036B006530DF /* VibrantPatternRowView.swift in Sources */,
				0AA2D4042E5B036B006530DF /* AccessibilityHelper.swift in Sources */,
				0AA2D4052E5B036B006530DF /* PatternsViewViewModel.swift in Sources */,
				0AA2D4062E5B036B006530DF /* FabricCardView.swift in Sources */,
				0AA2D4072E5B036B006530DF /* PatternRowView.swift in Sources */,
				0AA2D4082E5B036B006530DF /* MeasurementsView.swift in Sources */,
				0AA2D4092E5B036B006530DF /* HistoryViewModel.swift in Sources */,
				0AA2D40A2E5B036B006530DF /* ContentView.swift in Sources */,
				0AA2D40B2E5B036B006530DF /* ProjectsViewViewModel.swift in Sources */,
				0AA2D40C2E5B036B006530DF /* DocumentPicker.swift in Sources */,
				0AA2D40D2E5B036B006530DF /* UserSettingsManager.swift in Sources */,
				0AA2D40E2E5B036B006530DF /* DesignSystem.swift in Sources */,
				0AA2D40F2E5B036B006530DF /* iPadPatternsView.swift in Sources */,
				0AA2D4102E5B036B006530DF /* DataSecurity.swift in Sources */,
				0AA2D4112E5B036B006530DF /* LoadingStateView.swift in Sources */,
				0AA2D4122E5B036B006530DF /* AddPatternViewModel.swift in Sources */,
				0AA2D4132E5B036B006530DF /* AdaptiveContentView.swift in Sources */,
				0AA2D4142E5B036B006530DF /* iPadProjectsView.swift in Sources */,
				0AA2D4152E5B036B006530DF /* ProjectsView.swift in Sources */,
				0AA2D4162E5B036B006530DF /* MeasurementsViewModel.swift in Sources */,
				0AA2D4172E5B036B006530DF /* ImagePicker.swift in Sources */,
				0AA2D4182E5B036B006530DF /* Fabric.swift in Sources */,
				0AA2D4192E5B036B006530DF /* OfflineManager.swift in Sources */,
				0AA2D41A2E5B036B006530DF /* UserSettingsRepositoryProtocol.swift in Sources */,
				0AA2D41B2E5B036B006530DF /* PatternsViewModel.swift in Sources */,
				0AA2D41C2E5B036B006530DF /* PrintAndShareControllers.swift in Sources */,
			);
			runOnlyForDeploymentPostprocessing = 0;
		};
		0A15769E2E51B16B00C7A01B /* Sources */ = {
			isa = PBXSourcesBuildPhase;
			buildActionMask = 2147483647;
			files = (
			);
			runOnlyForDeploymentPostprocessing = 0;
		};
		0A1576A82E51B16B00C7A01B /* Sources */ = {
			isa = PBXSourcesBuildPhase;
			buildActionMask = 2147483647;
			files = (
			);
			runOnlyForDeploymentPostprocessing = 0;
		};
/* End PBXSourcesBuildPhase section */

/* Begin PBXTargetDependency section */
		0A1576A42E51B16B00C7A01B /* PBXTargetDependency */ = {
			isa = PBXTargetDependency;
			target = 0A1576922E51B16A00C7A01B /* SewSmart */;
			targetProxy = 0A1576A32E51B16B00C7A01B /* PBXContainerItemProxy */;
		};
		0A1576AE2E51B16B00C7A01B /* PBXTargetDependency */ = {
			isa = PBXTargetDependency;
			target = 0A1576922E51B16A00C7A01B /* SewSmart */;
			targetProxy = 0A1576AD2E51B16B00C7A01B /* PBXContainerItemProxy */;
		};
/* End PBXTargetDependency section */

/* Begin XCBuildConfiguration section */
		0A1576B42E51B16B00C7A01B /* Debug */ = {
			isa = XCBuildConfiguration;
			buildSettings = {
				ALWAYS_SEARCH_USER_PATHS = NO;
				ASSETCATALOG_COMPILER_GENERATE_SWIFT_ASSET_SYMBOL_EXTENSIONS = YES;
				CLANG_ANALYZER_NONNULL = YES;
				CLANG_ANALYZER_NUMBER_OBJECT_CONVERSION = YES_AGGRESSIVE;
				CLANG_CXX_LANGUAGE_STANDARD = "gnu++20";
				CLANG_ENABLE_MODULES = YES;
				CLANG_ENABLE_OBJC_ARC = YES;
				CLANG_ENABLE_OBJC_WEAK = YES;
				CLANG_WARN_BLOCK_CAPTURE_AUTORELEASING = YES;
				CLANG_WARN_BOOL_CONVERSION = YES;
				CLANG_WARN_COMMA = YES;
				CLANG_WARN_CONSTANT_CONVERSION = YES;
				CLANG_WARN_DEPRECATED_OBJC_IMPLEMENTATIONS = YES;
				CLANG_WARN_DIRECT_OBJC_ISA_USAGE = YES_ERROR;
				CLANG_WARN_DOCUMENTATION_COMMENTS = YES;
				CLANG_WARN_EMPTY_BODY = YES;
				CLANG_WARN_ENUM_CONVERSION = YES;
				CLANG_WARN_INFINITE_RECURSION = YES;
				CLANG_WARN_INT_CONVERSION = YES;
				CLANG_WARN_NON_LITERAL_NULL_CONVERSION = YES;
				CLANG_WARN_OBJC_IMPLICIT_RETAIN_SELF = YES;
				CLANG_WARN_OBJC_LITERAL_CONVERSION = YES;
				CLANG_WARN_OBJC_ROOT_CLASS = YES_ERROR;
				CLANG_WARN_QUOTED_INCLUDE_IN_FRAMEWORK_HEADER = YES;
				CLANG_WARN_RANGE_LOOP_ANALYSIS = YES;
				CLANG_WARN_STRICT_PROTOTYPES = YES;
				CLANG_WARN_SUSPICIOUS_MOVE = YES;
				CLANG_WARN_UNGUARDED_AVAILABILITY = YES_AGGRESSIVE;
				CLANG_WARN_UNREACHABLE_CODE = YES;
				CLANG_WARN__DUPLICATE_METHOD_MATCH = YES;
				COPY_PHASE_STRIP = NO;
				DEBUG_INFORMATION_FORMAT = dwarf;
				DEVELOPMENT_TEAM = B9LQXL6PUK;
				ENABLE_STRICT_OBJC_MSGSEND = YES;
				ENABLE_TESTABILITY = YES;
				ENABLE_USER_SCRIPT_SANDBOXING = YES;
				GCC_C_LANGUAGE_STANDARD = gnu17;
				GCC_DYNAMIC_NO_PIC = NO;
				GCC_NO_COMMON_BLOCKS = YES;
				GCC_OPTIMIZATION_LEVEL = 0;
				GCC_PREPROCESSOR_DEFINITIONS = (
					"DEBUG=1",
					"$(inherited)",
				);
				GCC_WARN_64_TO_32_BIT_CONVERSION = YES;
				GCC_WARN_ABOUT_RETURN_TYPE = YES_ERROR;
				GCC_WARN_UNDECLARED_SELECTOR = YES;
				GCC_WARN_UNINITIALIZED_AUTOS = YES_AGGRESSIVE;
				GCC_WARN_UNUSED_FUNCTION = YES;
				GCC_WARN_UNUSED_VARIABLE = YES;
				IPHONEOS_DEPLOYMENT_TARGET = 18.5;
				LOCALIZATION_PREFERS_STRING_CATALOGS = YES;
				MTL_ENABLE_DEBUG_INFO = INCLUDE_SOURCE;
				MTL_FAST_MATH = YES;
				ONLY_ACTIVE_ARCH = YES;
				SDKROOT = iphoneos;
				SWIFT_ACTIVE_COMPILATION_CONDITIONS = "DEBUG $(inherited)";
				SWIFT_OPTIMIZATION_LEVEL = "-Onone";
			};
			name = Debug;
		};
		0A1576B52E51B16B00C7A01B /* Release */ = {
			isa = XCBuildConfiguration;
			buildSettings = {
				ALWAYS_SEARCH_USER_PATHS = NO;
				ASSETCATALOG_COMPILER_GENERATE_SWIFT_ASSET_SYMBOL_EXTENSIONS = YES;
				CLANG_ANALYZER_NONNULL = YES;
				CLANG_ANALYZER_NUMBER_OBJECT_CONVERSION = YES_AGGRESSIVE;
				CLANG_CXX_LANGUAGE_STANDARD = "gnu++20";
				CLANG_ENABLE_MODULES = YES;
				CLANG_ENABLE_OBJC_ARC = YES;
				CLANG_ENABLE_OBJC_WEAK = YES;
				CLANG_WARN_BLOCK_CAPTURE_AUTORELEASING = YES;
				CLANG_WARN_BOOL_CONVERSION = YES;
				CLANG_WARN_COMMA = YES;
				CLANG_WARN_CONSTANT_CONVERSION = YES;
				CLANG_WARN_DEPRECATED_OBJC_IMPLEMENTATIONS = YES;
				CLANG_WARN_DIRECT_OBJC_ISA_USAGE = YES_ERROR;
				CLANG_WARN_DOCUMENTATION_COMMENTS = YES;
				CLANG_WARN_EMPTY_BODY = YES;
				CLANG_WARN_ENUM_CONVERSION = YES;
				CLANG_WARN_INFINITE_RECURSION = YES;
				CLANG_WARN_INT_CONVERSION = YES;
				CLANG_WARN_NON_LITERAL_NULL_CONVERSION = YES;
				CLANG_WARN_OBJC_IMPLICIT_RETAIN_SELF = YES;
				CLANG_WARN_OBJC_LITERAL_CONVERSION = YES;
				CLANG_WARN_OBJC_ROOT_CLASS = YES_ERROR;
				CLANG_WARN_QUOTED_INCLUDE_IN_FRAMEWORK_HEADER = YES;
				CLANG_WARN_RANGE_LOOP_ANALYSIS = YES;
				CLANG_WARN_STRICT_PROTOTYPES = YES;
				CLANG_WARN_SUSPICIOUS_MOVE = YES;
				CLANG_WARN_UNGUARDED_AVAILABILITY = YES_AGGRESSIVE;
				CLANG_WARN_UNREACHABLE_CODE = YES;
				CLANG_WARN__DUPLICATE_METHOD_MATCH = YES;
				COPY_PHASE_STRIP = NO;
				DEBUG_INFORMATION_FORMAT = "dwarf-with-dsym";
				DEVELOPMENT_TEAM = B9LQXL6PUK;
				ENABLE_NS_ASSERTIONS = NO;
				ENABLE_STRICT_OBJC_MSGSEND = YES;
				ENABLE_USER_SCRIPT_SANDBOXING = YES;
				GCC_C_LANGUAGE_STANDARD = gnu17;
				GCC_NO_COMMON_BLOCKS = YES;
				GCC_WARN_64_TO_32_BIT_CONVERSION = YES;
				GCC_WARN_ABOUT_RETURN_TYPE = YES_ERROR;
				GCC_WARN_UNDECLARED_SELECTOR = YES;
				GCC_WARN_UNINITIALIZED_AUTOS = YES_AGGRESSIVE;
				GCC_WARN_UNUSED_FUNCTION = YES;
				GCC_WARN_UNUSED_VARIABLE = YES;
				IPHONEOS_DEPLOYMENT_TARGET = 18.5;
				LOCALIZATION_PREFERS_STRING_CATALOGS = YES;
				MTL_ENABLE_DEBUG_INFO = NO;
				MTL_FAST_MATH = YES;
				SDKROOT = iphoneos;
				SWIFT_COMPILATION_MODE = wholemodule;
				VALIDATE_PRODUCT = YES;
			};
			name = Release;
		};
		0A1576B72E51B16B00C7A01B /* Debug */ = {
			isa = XCBuildConfiguration;
			buildSettings = {
				ASSETCATALOG_COMPILER_APPICON_NAME = AppIcon;
				ASSETCATALOG_COMPILER_GLOBAL_ACCENT_COLOR_NAME = AccentColor;
				CLANG_ENABLE_MODULES = YES;
				CODE_SIGN_STYLE = Automatic;
				CURRENT_PROJECT_VERSION = 1;
				DEVELOPMENT_TEAM = B9LQXL6PUK;
				ENABLE_PREVIEWS = YES;
				GENERATE_INFOPLIST_FILE = YES;
				INFOPLIST_KEY_UIApplicationSceneManifest_Generation = YES;
				INFOPLIST_KEY_UIApplicationSupportsIndirectInputEvents = YES;
				INFOPLIST_KEY_UILaunchScreen_Generation = YES;
				INFOPLIST_KEY_UISupportedInterfaceOrientations_iPad = "UIInterfaceOrientationPortrait UIInterfaceOrientationPortraitUpsideDown UIInterfaceOrientationLandscapeLeft UIInterfaceOrientationLandscapeRight";
				INFOPLIST_KEY_UISupportedInterfaceOrientations_iPhone = "UIInterfaceOrientationPortrait UIInterfaceOrientationLandscapeLeft UIInterfaceOrientationLandscapeRight";
				IPHONEOS_DEPLOYMENT_TARGET = 17.6;
				LD_RUNPATH_SEARCH_PATHS = (
					"$(inherited)",
					"@executable_path/Frameworks",
				);
				MARKETING_VERSION = 1.0;
				PRODUCT_BUNDLE_IDENTIFIER = com.slcodes.sewSmart.SewSmart;
				PRODUCT_NAME = "$(TARGET_NAME)";
				SWIFT_EMIT_LOC_STRINGS = YES;
				SWIFT_OPTIMIZATION_LEVEL = "-Onone";
				SWIFT_VERSION = 5.0;
				TARGETED_DEVICE_FAMILY = "1,2";
			};
			name = Debug;
		};
		0A1576B82E51B16B00C7A01B /* Release */ = {
			isa = XCBuildConfiguration;
			buildSettings = {
				ASSETCATALOG_COMPILER_APPICON_NAME = AppIcon;
				ASSETCATALOG_COMPILER_GLOBAL_ACCENT_COLOR_NAME = AccentColor;
				CLANG_ENABLE_MODULES = YES;
				CODE_SIGN_STYLE = Automatic;
				CURRENT_PROJECT_VERSION = 1;
				DEVELOPMENT_TEAM = B9LQXL6PUK;
				ENABLE_PREVIEWS = YES;
				GENERATE_INFOPLIST_FILE = YES;
				INFOPLIST_KEY_UIApplicationSceneManifest_Generation = YES;
				INFOPLIST_KEY_UIApplicationSupportsIndirectInputEvents = YES;
				INFOPLIST_KEY_UILaunchScreen_Generation = YES;
				INFOPLIST_KEY_UISupportedInterfaceOrientations_iPad = "UIInterfaceOrientationPortrait UIInterfaceOrientationPortraitUpsideDown UIInterfaceOrientationLandscapeLeft UIInterfaceOrientationLandscapeRight";
				INFOPLIST_KEY_UISupportedInterfaceOrientations_iPhone = "UIInterfaceOrientationPortrait UIInterfaceOrientationLandscapeLeft UIInterfaceOrientationLandscapeRight";
				IPHONEOS_DEPLOYMENT_TARGET = 17.6;
				LD_RUNPATH_SEARCH_PATHS = (
					"$(inherited)",
					"@executable_path/Frameworks",
				);
				MARKETING_VERSION = 1.0;
				PRODUCT_BUNDLE_IDENTIFIER = com.slcodes.sewSmart.SewSmart;
				PRODUCT_NAME = "$(TARGET_NAME)";
				SWIFT_EMIT_LOC_STRINGS = YES;
				SWIFT_VERSION = 5.0;
				TARGETED_DEVICE_FAMILY = "1,2";
			};
			name = Release;
		};
		0A1576BA2E51B16B00C7A01B /* Debug */ = {
			isa = XCBuildConfiguration;
			buildSettings = {
				BUNDLE_LOADER = "$(TEST_HOST)";
				CODE_SIGN_STYLE = Automatic;
				CURRENT_PROJECT_VERSION = 1;
				DEVELOPMENT_TEAM = B9LQXL6PUK;
				GENERATE_INFOPLIST_FILE = YES;
				IPHONEOS_DEPLOYMENT_TARGET = 18.5;
				MARKETING_VERSION = 1.0;
				PRODUCT_BUNDLE_IDENTIFIER = com.slcodes.sewSmart.SewSmartTests;
				PRODUCT_NAME = "$(TARGET_NAME)";
				SWIFT_EMIT_LOC_STRINGS = NO;
				SWIFT_VERSION = 5.0;
				TARGETED_DEVICE_FAMILY = "1,2";
				TEST_HOST = "$(BUILT_PRODUCTS_DIR)/SewSmart.app/$(BUNDLE_EXECUTABLE_FOLDER_PATH)/SewSmart";
			};
			name = Debug;
		};
		0A1576BB2E51B16B00C7A01B /* Release */ = {
			isa = XCBuildConfiguration;
			buildSettings = {
				BUNDLE_LOADER = "$(TEST_HOST)";
				CODE_SIGN_STYLE = Automatic;
				CURRENT_PROJECT_VERSION = 1;
				DEVELOPMENT_TEAM = B9LQXL6PUK;
				GENERATE_INFOPLIST_FILE = YES;
				IPHONEOS_DEPLOYMENT_TARGET = 18.5;
				MARKETING_VERSION = 1.0;
				PRODUCT_BUNDLE_IDENTIFIER = com.slcodes.sewSmart.SewSmartTests;
				PRODUCT_NAME = "$(TARGET_NAME)";
				SWIFT_EMIT_LOC_STRINGS = NO;
				SWIFT_VERSION = 5.0;
				TARGETED_DEVICE_FAMILY = "1,2";
				TEST_HOST = "$(BUILT_PRODUCTS_DIR)/SewSmart.app/$(BUNDLE_EXECUTABLE_FOLDER_PATH)/SewSmart";
			};
			name = Release;
		};
		0A1576BD2E51B16B00C7A01B /* Debug */ = {
			isa = XCBuildConfiguration;
			buildSettings = {
				CODE_SIGN_STYLE = Automatic;
				CURRENT_PROJECT_VERSION = 1;
				DEVELOPMENT_TEAM = B9LQXL6PUK;
				GENERATE_INFOPLIST_FILE = YES;
				MARKETING_VERSION = 1.0;
				PRODUCT_BUNDLE_IDENTIFIER = com.slcodes.sewSmart.SewSmartUITests;
				PRODUCT_NAME = "$(TARGET_NAME)";
				SWIFT_EMIT_LOC_STRINGS = NO;
				SWIFT_VERSION = 5.0;
				TARGETED_DEVICE_FAMILY = "1,2";
				TEST_TARGET_NAME = SewSmart;
			};
			name = Debug;
		};
		0A1576BE2E51B16B00C7A01B /* Release */ = {
			isa = XCBuildConfiguration;
			buildSettings = {
				CODE_SIGN_STYLE = Automatic;
				CURRENT_PROJECT_VERSION = 1;
				DEVELOPMENT_TEAM = B9LQXL6PUK;
				GENERATE_INFOPLIST_FILE = YES;
				MARKETING_VERSION = 1.0;
				PRODUCT_BUNDLE_IDENTIFIER = com.slcodes.sewSmart.SewSmartUITests;
				PRODUCT_NAME = "$(TARGET_NAME)";
				SWIFT_EMIT_LOC_STRINGS = NO;
				SWIFT_VERSION = 5.0;
				TARGETED_DEVICE_FAMILY = "1,2";
				TEST_TARGET_NAME = SewSmart;
			};
			name = Release;
		};
/* End XCBuildConfiguration section */

/* Begin XCConfigurationList section */
		0A15768E2E51B16A00C7A01B /* Build configuration list for PBXProject "SewSmart" */ = {
			isa = XCConfigurationList;
			buildConfigurations = (
				0A1576B42E51B16B00C7A01B /* Debug */,
				0A1576B52E51B16B00C7A01B /* Release */,
			);
			defaultConfigurationIsVisible = 0;
			defaultConfigurationName = Release;
		};
		0A1576B62E51B16B00C7A01B /* Build configuration list for PBXNativeTarget "SewSmart" */ = {
			isa = XCConfigurationList;
			buildConfigurations = (
				0A1576B72E51B16B00C7A01B /* Debug */,
				0A1576B82E51B16B00C7A01B /* Release */,
			);
			defaultConfigurationIsVisible = 0;
			defaultConfigurationName = Release;
		};
		0A1576B92E51B16B00C7A01B /* Build configuration list for PBXNativeTarget "SewSmartTests" */ = {
			isa = XCConfigurationList;
			buildConfigurations = (
				0A1576BA2E51B16B00C7A01B /* Debug */,
				0A1576BB2E51B16B00C7A01B /* Release */,
			);
			defaultConfigurationIsVisible = 0;
			defaultConfigurationName = Release;
		};
		0A1576BC2E51B16B00C7A01B /* Build configuration list for PBXNativeTarget "SewSmartUITests" */ = {
			isa = XCConfigurationList;
			buildConfigurations = (
				0A1576BD2E51B16B00C7A01B /* Debug */,
				0A1576BE2E51B16B00C7A01B /* Release */,
			);
			defaultConfigurationIsVisible = 0;
			defaultConfigurationName = Release;
		};
/* End XCConfigurationList section */
	};
	rootObject = 0A15768B2E51B16A00C7A01B /* Project object */;
}
